
Microsoft Visual Studio Solution File, Format Version 12.00
# Visual Studio Version 17
VisualStudioVersion = 17.8.34525.116
MinimumVisualStudioVersion = 10.0.40219.1
Project("{FAE04EC0-301F-11D3-BF4B-00C04F79EFBC}") = "number_sorter", "number_sorter\number_sorter.csproj", "{D8373DDF-6DEC-446B-8A9A-D1D65A037302}"
EndProject
Global
	GlobalSection(SolutionConfigurationPlatforms) = preSolution
		Debug|Any CPU = Debug|Any CPU
		Release|Any CPU = Release|Any CPU
	EndGlobalSection
	GlobalSection(ProjectConfigurationPlatforms) = postSolution
		{D8373DDF-6DEC-446B-8A9A-D1D65A037302}.Debug|Any CPU.ActiveCfg = Debug|Any CPU
		{D8373DDF-6DEC-446B-8A9A-D1D65A037302}.Debug|Any CPU.Build.0 = Debug|Any CPU
		{D8373DDF-6DEC-446B-8A9A-D1D65A037302}.Release|Any CPU.ActiveCfg = Release|Any CPU
		{D8373DDF-6DEC-446B-8A9A-D1D65A037302}.Release|Any CPU.Build.0 = Release|Any CPU
	EndGlobalSection
	GlobalSection(SolutionProperties) = preSolution
		HideSolutionNode = FALSE
	EndGlobalSection
	GlobalSection(ExtensibilityGlobals) = postSolution
		SolutionGuid = {D0C1AB34-BCDE-4F7F-B938-BD9DB29C4898}
	EndGlobalSection
EndGlobal
